
Microsoft Visual Studio Solution File, Format Version 12.00
Project("{FAE04EC0-301F-11D3-BF4B-00C04F79EFBC}") = "NumericCoreCalculator", "NumericCoreCalculator\NumericCoreCalculator.csproj", "{F76F2A32-4294-4BB1-8751-391158C21019}"
EndProject
Global
	GlobalSection(SolutionConfigurationPlatforms) = preSolution
		Debug|Any CPU = Debug|Any CPU
		Release|Any CPU = Release|Any CPU
	EndGlobalSection
	GlobalSection(ProjectConfigurationPlatforms) = postSolution
		{F76F2A32-4294-4BB1-8751-391158C21019}.Debug|Any CPU.ActiveCfg = Debug|Any CPU
		{F76F2A32-4294-4BB1-8751-391158C21019}.Debug|Any CPU.Build.0 = Debug|Any CPU
		{F76F2A32-4294-4BB1-8751-391158C21019}.Release|Any CPU.ActiveCfg = Release|Any CPU
		{F76F2A32-4294-4BB1-8751-391158C21019}.Release|Any CPU.Build.0 = Release|Any CPU
	EndGlobalSection
EndGlobal
